
Microsoft Visual Studio Solution File, Format Version 12.00
# Visual Studio 15
VisualStudioVersion = 15.0.28307.168
MinimumVisualStudioVersion = 10.0.40219.1
Project("{FAE04EC0-301F-11D3-BF4B-00C04F79EFBC}") = "GlukServerService", "GlukServerService\GlukServerService.csproj", "{A694A2DF-6C42-4185-ACA6-C56631F96F37}"
EndProject
Project("{930C7802-8A8C-48F9-8165-68863BCCD9DD}") = "GlukServerServiceSetup", "GlukServerServiceSetup\GlukServerServiceSetup.wixproj", "{CC65970F-18A4-4BA8-B9D7-F4929C3EC847}"
EndProject
Project("{9A19103F-16F7-4668-BE54-9A1E7A4F7556}") = "GlukLibrary", "GlukModels\GlukLibrary.csproj", "{4D612DD7-499B-4ECC-BE0F-FA864EBB5B60}"
EndProject
Project("{FAE04EC0-301F-11D3-BF4B-00C04F79EFBC}") = "GlukAppWpf", "GlukAppWpf\GlukAppWpf.csproj", "{C7C842D3-D6CA-427F-A707-42FC17E40971}"
EndProject
Project("{FAE04EC0-301F-11D3-BF4B-00C04F79EFBC}") = "Testing", "Testing\Testing.csproj", "{FB77C1BE-4211-4E1C-8646-B45DB8366F86}"
EndProject
Project("{FAE04EC0-301F-11D3-BF4B-00C04F79EFBC}") = "GlukAppWpfTests", "GlukAppWpfTests\GlukAppWpfTests.csproj", "{8EDC47B9-6C7A-4E4E-903A-39043B440CE4}"
EndProject
Global
	GlobalSection(SolutionConfigurationPlatforms) = preSolution
		Debug|Any CPU = Debug|Any CPU
		Debug|x86 = Debug|x86
		Release|Any CPU = Release|Any CPU
		Release|x86 = Release|x86
	EndGlobalSection
	GlobalSection(ProjectConfigurationPlatforms) = postSolution
		{A694A2DF-6C42-4185-ACA6-C56631F96F37}.Debug|Any CPU.ActiveCfg = Debug|Any CPU
		{A694A2DF-6C42-4185-ACA6-C56631F96F37}.Debug|Any CPU.Build.0 = Debug|Any CPU
		{A694A2DF-6C42-4185-ACA6-C56631F96F37}.Debug|x86.ActiveCfg = Debug|Any CPU
		{A694A2DF-6C42-4185-ACA6-C56631F96F37}.Debug|x86.Build.0 = Debug|Any CPU
		{A694A2DF-6C42-4185-ACA6-C56631F96F37}.Release|Any CPU.ActiveCfg = Release|Any CPU
		{A694A2DF-6C42-4185-ACA6-C56631F96F37}.Release|Any CPU.Build.0 = Release|Any CPU
		{A694A2DF-6C42-4185-ACA6-C56631F96F37}.Release|x86.ActiveCfg = Release|Any CPU
		{A694A2DF-6C42-4185-ACA6-C56631F96F37}.Release|x86.Build.0 = Release|Any CPU
		{CC65970F-18A4-4BA8-B9D7-F4929C3EC847}.Debug|Any CPU.ActiveCfg = Debug|x86
		{CC65970F-18A4-4BA8-B9D7-F4929C3EC847}.Debug|x86.ActiveCfg = Debug|x86
		{CC65970F-18A4-4BA8-B9D7-F4929C3EC847}.Debug|x86.Build.0 = Debug|x86
		{CC65970F-18A4-4BA8-B9D7-F4929C3EC847}.Release|Any CPU.ActiveCfg = Release|x86
		{CC65970F-18A4-4BA8-B9D7-F4929C3EC847}.Release|x86.ActiveCfg = Release|x86
		{CC65970F-18A4-4BA8-B9D7-F4929C3EC847}.Release|x86.Build.0 = Release|x86
		{4D612DD7-499B-4ECC-BE0F-FA864EBB5B60}.Debug|Any CPU.ActiveCfg = Debug|Any CPU
		{4D612DD7-499B-4ECC-BE0F-FA864EBB5B60}.Debug|Any CPU.Build.0 = Debug|Any CPU
		{4D612DD7-499B-4ECC-BE0F-FA864EBB5B60}.Debug|x86.ActiveCfg = Debug|Any CPU
		{4D612DD7-499B-4ECC-BE0F-FA864EBB5B60}.Debug|x86.Build.0 = Debug|Any CPU
		{4D612DD7-499B-4ECC-BE0F-FA864EBB5B60}.Release|Any CPU.ActiveCfg = Release|Any CPU
		{4D612DD7-499B-4ECC-BE0F-FA864EBB5B60}.Release|Any CPU.Build.0 = Release|Any CPU
		{4D612DD7-499B-4ECC-BE0F-FA864EBB5B60}.Release|x86.ActiveCfg = Release|Any CPU
		{4D612DD7-499B-4ECC-BE0F-FA864EBB5B60}.Release|x86.Build.0 = Release|Any CPU
		{C7C842D3-D6CA-427F-A707-42FC17E40971}.Debug|Any CPU.ActiveCfg = Debug|Any CPU
		{C7C842D3-D6CA-427F-A707-42FC17E40971}.Debug|Any CPU.Build.0 = Debug|Any CPU
		{C7C842D3-D6CA-427F-A707-42FC17E40971}.Debug|x86.ActiveCfg = Debug|Any CPU
		{C7C842D3-D6CA-427F-A707-42FC17E40971}.Debug|x86.Build.0 = Debug|Any CPU
		{C7C842D3-D6CA-427F-A707-42FC17E40971}.Release|Any CPU.ActiveCfg = Release|Any CPU
		{C7C842D3-D6CA-427F-A707-42FC17E40971}.Release|Any CPU.Build.0 = Release|Any CPU
		{C7C842D3-D6CA-427F-A707-42FC17E40971}.Release|x86.ActiveCfg = Release|Any CPU
		{C7C842D3-D6CA-427F-A707-42FC17E40971}.Release|x86.Build.0 = Release|Any CPU
		{FB77C1BE-4211-4E1C-8646-B45DB8366F86}.Debug|Any CPU.ActiveCfg = Debug|Any CPU
		{FB77C1BE-4211-4E1C-8646-B45DB8366F86}.Debug|Any CPU.Build.0 = Debug|Any CPU
		{FB77C1BE-4211-4E1C-8646-B45DB8366F86}.Debug|x86.ActiveCfg = Debug|Any CPU
		{FB77C1BE-4211-4E1C-8646-B45DB8366F86}.Debug|x86.Build.0 = Debug|Any CPU
		{FB77C1BE-4211-4E1C-8646-B45DB8366F86}.Release|Any CPU.ActiveCfg = Release|Any CPU
		{FB77C1BE-4211-4E1C-8646-B45DB8366F86}.Release|Any CPU.Build.0 = Release|Any CPU
		{FB77C1BE-4211-4E1C-8646-B45DB8366F86}.Release|x86.ActiveCfg = Release|Any CPU
		{FB77C1BE-4211-4E1C-8646-B45DB8366F86}.Release|x86.Build.0 = Release|Any CPU
		{8EDC47B9-6C7A-4E4E-903A-39043B440CE4}.Debug|Any CPU.ActiveCfg = Debug|Any CPU
		{8EDC47B9-6C7A-4E4E-903A-39043B440CE4}.Debug|Any CPU.Build.0 = Debug|Any CPU
		{8EDC47B9-6C7A-4E4E-903A-39043B440CE4}.Debug|x86.ActiveCfg = Debug|Any CPU
		{8EDC47B9-6C7A-4E4E-903A-39043B440CE4}.Debug|x86.Build.0 = Debug|Any CPU
		{8EDC47B9-6C7A-4E4E-903A-39043B440CE4}.Release|Any CPU.ActiveCfg = Release|Any CPU
		{8EDC47B9-6C7A-4E4E-903A-39043B440CE4}.Release|Any CPU.Build.0 = Release|Any CPU
		{8EDC47B9-6C7A-4E4E-903A-39043B440CE4}.Release|x86.ActiveCfg = Release|Any CPU
		{8EDC47B9-6C7A-4E4E-903A-39043B440CE4}.Release|x86.Build.0 = Release|Any CPU
	EndGlobalSection
	GlobalSection(SolutionProperties) = preSolution
		HideSolutionNode = FALSE
	EndGlobalSection
	GlobalSection(ExtensibilityGlobals) = postSolution
		SolutionGuid = {29786BCD-A78F-49FD-896D-44F48831D06B}
	EndGlobalSection
EndGlobal
